PODS:
  - CMDQueryStringSerialization (0.2.0)
  - cocoa-oauth (0.0.1):
    - NSData+Base64 (~> 1.0)
  - NSData+Base64 (1.0.0)
  - ReactiveCocoa (2.3):
    - ReactiveCocoa/UI
  - ReactiveCocoa/Core (2.3):
    - ReactiveCocoa/no-arc
  - ReactiveCocoa/no-arc (2.3)
  - ReactiveCocoa/UI (2.3):
    - ReactiveCocoa/Core

DEPENDENCIES:
  - CMDQueryStringSerialization
  - cocoa-oauth
  - ReactiveCocoa

SPEC CHECKSUMS:
  CMDQueryStringSerialization: e53570ccbce6004acba30b1c1210e254644cdb92
  cocoa-oauth: 418c70e6ce4130fa7ebdf05232018c8f391030d8
  NSData+Base64: aae92a2e3f0bd88b29fe6093551ded3f5c062548
  ReactiveCocoa: 2066583826c17dde8e90c41e489f682048cc57c9

COCOAPODS: 0.33.1
