PODS:
  - CMDQueryStringSerialization (0.2.0)
  - cocoa-oauth (0.0.1):
    - NSData+Base64 (~> 1.0)
  - NSData+Base64 (1.0.0)
  - ReactiveCocoa (2.3):
    - ReactiveCocoa/Core
    - ReactiveCocoa/no-arc
  - ReactiveCocoa/Core (2.3):
    - ReactiveCocoa/no-arc
  - ReactiveCocoa/no-arc (2.3)

DEPENDENCIES:
  - CMDQueryStringSerialization
  - cocoa-oauth
  - ReactiveCocoa

SPEC CHECKSUMS:
  CMDQueryStringSerialization: 6e9b97d0e4d9547419b6f9b428adc423a6e6e511
  cocoa-oauth: 8f4c8b77c77ac660de37f8125557c4ec09b0118a
  NSData+Base64: 4819562faee4544e3cf5703f2139820b09732b28
  ReactiveCocoa: 1f6265f9d521923d3efcc37b00722cefc16df269

COCOAPODS: 0.32.1
