// !$*UTF8*$!
{
	archiveVersion = 1;
	classes = {
	};
	objectVersion = 46;
	objects = {

/* Begin PBXBuildFile section */
		3B35369A1894C5710044EA0E /* ACAccountStore+SimpleAuth.m in Sources */ = {isa = PBXBuildFile; fileRef = 3B3536991894C5710044EA0E /* ACAccountStore+SimpleAuth.m */; };
		3B52BB911887088400C73329 /* SimpleAuthTwitterProvider.m in Sources */ = {isa = PBXBuildFile; fileRef = 3B52BB901887088400C73329 /* SimpleAuthTwitterProvider.m */; };
		3B52BB9518871F6200C73329 /* SimpleAuthFacebookProvider.m in Sources */ = {isa = PBXBuildFile; fileRef = 3B52BB9418871F6200C73329 /* SimpleAuthFacebookProvider.m */; };
		3B52BB9B188731A300C73329 /* SimpleAuthInstagramLoginViewController.m in Sources */ = {isa = PBXBuildFile; fileRef = 3B52BB98188731A300C73329 /* SimpleAuthInstagramLoginViewController.m */; };
		3B52BB9C188731A300C73329 /* SimpleAuthInstagramProvider.m in Sources */ = {isa = PBXBuildFile; fileRef = 3B52BB9A188731A300C73329 /* SimpleAuthInstagramProvider.m */; };
		3B658435188892FE00D59100 /* InfoPlist.strings in Resources */ = {isa = PBXBuildFile; fileRef = 3B658433188892FE00D59100 /* InfoPlist.strings */; };
		3B658437188892FE00D59100 /* main.m in Sources */ = {isa = PBXBuildFile; fileRef = 3B658436188892FE00D59100 /* main.m */; };
		3B65843B188892FE00D59100 /* SADAppDelegate.m in Sources */ = {isa = PBXBuildFile; fileRef = 3B65843A188892FE00D59100 /* SADAppDelegate.m */; };
		3B65843D188892FE00D59100 /* Images.xcassets in Resources */ = {isa = PBXBuildFile; fileRef = 3B65843C188892FE00D59100 /* Images.xcassets */; };
		3B6584581888931F00D59100 /* SADProviderListViewController.m in Sources */ = {isa = PBXBuildFile; fileRef = 3B6584571888931F00D59100 /* SADProviderListViewController.m */; };
		3B65845C188895E400D59100 /* libSimpleAuth.a in Frameworks */ = {isa = PBXBuildFile; fileRef = 3BB32504182ABC8B00ACB555 /* libSimpleAuth.a */; };
		3B6584601888A94200D59100 /* SimpleAuthTumblrProvider.m in Sources */ = {isa = PBXBuildFile; fileRef = 3B65845F1888A94200D59100 /* SimpleAuthTumblrProvider.m */; };
		3B6584631888ABFB00D59100 /* SimpleAuthTumblrLoginViewController.m in Sources */ = {isa = PBXBuildFile; fileRef = 3B6584621888ABFB00D59100 /* SimpleAuthTumblrLoginViewController.m */; };
		3B66656C18903F5400F3BF58 /* SimpleAuthFaceBookWebProvider.m in Sources */ = {isa = PBXBuildFile; fileRef = 3B66656B18903F5400F3BF58 /* SimpleAuthFaceBookWebProvider.m */; };
		3B66656F18903F8400F3BF58 /* SimpleAuthFacebookWebLoginViewController.m in Sources */ = {isa = PBXBuildFile; fileRef = 3B66656E18903F8400F3BF58 /* SimpleAuthFacebookWebLoginViewController.m */; };
		3B69D1F818C0340200E3D415 /* UIViewController+SimpleAuthAdditions.m in Sources */ = {isa = PBXBuildFile; fileRef = 3B69D1F518C0340200E3D415 /* UIViewController+SimpleAuthAdditions.m */; };
		3B69D1F918C0340200E3D415 /* UIViewController+SimpleAuthAdditions.m in Sources */ = {isa = PBXBuildFile; fileRef = 3B69D1F518C0340200E3D415 /* UIViewController+SimpleAuthAdditions.m */; };
		3B69D1FA18C0340200E3D415 /* UIWindow+SimpleAuthAdditions.m in Sources */ = {isa = PBXBuildFile; fileRef = 3B69D1F718C0340200E3D415 /* UIWindow+SimpleAuthAdditions.m */; };
		3B69D1FB18C0340200E3D415 /* UIWindow+SimpleAuthAdditions.m in Sources */ = {isa = PBXBuildFile; fileRef = 3B69D1F718C0340200E3D415 /* UIWindow+SimpleAuthAdditions.m */; };
		3B8C408E188792A9007DC578 /* SimpleAuthTwitterWebProvider.m in Sources */ = {isa = PBXBuildFile; fileRef = 3B8C408D188792A9007DC578 /* SimpleAuthTwitterWebProvider.m */; };
		3B8C409118879347007DC578 /* SimpleAuthTwitterWebLoginViewController.m in Sources */ = {isa = PBXBuildFile; fileRef = 3B8C409018879347007DC578 /* SimpleAuthTwitterWebLoginViewController.m */; };
		3B9AB064182AC2710011FB9E /* SimpleAuthProvider.m in Sources */ = {isa = PBXBuildFile; fileRef = 3B9AB063182AC2710011FB9E /* SimpleAuthProvider.m */; };
		3BB3250F182ABC8B00ACB555 /* SimpleAuth.m in Sources */ = {isa = PBXBuildFile; fileRef = 3BB3250E182ABC8B00ACB555 /* SimpleAuth.m */; };
		3BBDA068188E02A70045D1EA /* NSObject+SimpleAuthAdditions.m in Sources */ = {isa = PBXBuildFile; fileRef = 3BBDA067188E02A70045D1EA /* NSObject+SimpleAuthAdditions.m */; };
		3BC5FC701891D86A00523166 /* SimpleAuthDropboxWebProvider.m in Sources */ = {isa = PBXBuildFile; fileRef = 3BC5FC6F1891D86A00523166 /* SimpleAuthDropboxWebProvider.m */; };
		3BC5FC731891D87B00523166 /* SimpleAuthDropboxWebLoginViewController.m in Sources */ = {isa = PBXBuildFile; fileRef = 3BC5FC721891D87B00523166 /* SimpleAuthDropboxWebLoginViewController.m */; };
		3C0A5393182C4217002C050C /* SimpleAuthWebViewController.m in Sources */ = {isa = PBXBuildFile; fileRef = 3C0A5392182C4217002C050C /* SimpleAuthWebViewController.m */; };
		4D149A411889B3DF0024639C /* SimpleAuthMeetupProvider.m in Sources */ = {isa = PBXBuildFile; fileRef = 4D149A401889B3DF0024639C /* SimpleAuthMeetupProvider.m */; };
		4D149A441889B4390024639C /* SimpleAuthMeetupLoginViewController.m in Sources */ = {isa = PBXBuildFile; fileRef = 4D149A431889B4390024639C /* SimpleAuthMeetupLoginViewController.m */; };
		4DD68DF418B21A3C009B3767 /* SimpleAuthSinaWeiboWebProvider.m in Sources */ = {isa = PBXBuildFile; fileRef = 4DD68DF318B21A3C009B3767 /* SimpleAuthSinaWeiboWebProvider.m */; };
		4DD68DF718B21A55009B3767 /* SimpleAuthSinaWeiboWebLoginViewController.m in Sources */ = {isa = PBXBuildFile; fileRef = 4DD68DF618B21A55009B3767 /* SimpleAuthSinaWeiboWebLoginViewController.m */; };
		81A50A491892649300D5D8AC /* SimpleAuthLinkedInWebProvider.m in Sources */ = {isa = PBXBuildFile; fileRef = 81A50A481892649300D5D8AC /* SimpleAuthLinkedInWebProvider.m */; };
		81A50A4C189264C500D5D8AC /* SimpleAuthLinkedInWebLoginViewController.m in Sources */ = {isa = PBXBuildFile; fileRef = 81A50A4B189264C500D5D8AC /* SimpleAuthLinkedInWebLoginViewController.m */; };
		F435E27FC62B4584BF9DBF2C /* libPods.a in Frameworks */ = {isa = PBXBuildFile; fileRef = 0D4998CFA03844FB99EE78AA /* libPods.a */; };
		F9BE4F3E189139E900AE303A /* SimpleAuthFoursquareWebProvider.m in Sources */ = {isa = PBXBuildFile; fileRef = F9BE4F34189120DE00AE303A /* SimpleAuthFoursquareWebProvider.m */; };
		F9BE4F3F189139F200AE303A /* SimpleAuthFoursquareWebLoginViewController.m in Sources */ = {isa = PBXBuildFile; fileRef = F9BE4F3A1891308200AE303A /* SimpleAuthFoursquareWebLoginViewController.m */; };
/* End PBXBuildFile section */

/* Begin PBXContainerItemProxy section */
		3B65845A1888947500D59100 /* PBXContainerItemProxy */ = {
			isa = PBXContainerItemProxy;
			containerPortal = 3BB324FC182ABC8B00ACB555 /* Project object */;
			proxyType = 1;
			remoteGlobalIDString = 3BB32503182ABC8B00ACB555;
			remoteInfo = SimpleAuth;
		};
/* End PBXContainerItemProxy section */

/* Begin PBXFileReference section */
		0D4998CFA03844FB99EE78AA /* libPods.a */ = {isa = PBXFileReference; explicitFileType = archive.ar; includeInIndex = 0; path = libPods.a; sourceTree = BUILT_PRODUCTS_DIR; };
		0FCEF85A832046CDB0CCBF25 /* Pods.xcconfig */ = {isa = PBXFileReference; includeInIndex = 1; lastKnownFileType = text.xcconfig; name = Pods.xcconfig; path = Pods/Pods.xcconfig; sourceTree = "<group>"; };
		3B3536981894C5710044EA0E /* ACAccountStore+SimpleAuth.h */ = {isa = PBXFileReference; fileEncoding = 4; lastKnownFileType = sourcecode.c.h; path = "ACAccountStore+SimpleAuth.h"; sourceTree = "<group>"; };
		3B3536991894C5710044EA0E /* ACAccountStore+SimpleAuth.m */ = {isa = PBXFileReference; fileEncoding = 4; lastKnownFileType = sourcecode.c.objc; path = "ACAccountStore+SimpleAuth.m"; sourceTree = "<group>"; };
		3B52BB8F1887088400C73329 /* SimpleAuthTwitterProvider.h */ = {isa = PBXFileReference; fileEncoding = 4; lastKnownFileType = sourcecode.c.h; path = SimpleAuthTwitterProvider.h; sourceTree = "<group>"; };
		3B52BB901887088400C73329 /* SimpleAuthTwitterProvider.m */ = {isa = PBXFileReference; fileEncoding = 4; lastKnownFileType = sourcecode.c.objc; path = SimpleAuthTwitterProvider.m; sourceTree = "<group>"; };
		3B52BB9318871F6200C73329 /* SimpleAuthFacebookProvider.h */ = {isa = PBXFileReference; fileEncoding = 4; lastKnownFileType = sourcecode.c.h; path = SimpleAuthFacebookProvider.h; sourceTree = "<group>"; };
		3B52BB9418871F6200C73329 /* SimpleAuthFacebookProvider.m */ = {isa = PBXFileReference; fileEncoding = 4; lastKnownFileType = sourcecode.c.objc; path = SimpleAuthFacebookProvider.m; sourceTree = "<group>"; };
		3B52BB97188731A300C73329 /* SimpleAuthInstagramLoginViewController.h */ = {isa = PBXFileReference; fileEncoding = 4; lastKnownFileType = sourcecode.c.h; path = SimpleAuthInstagramLoginViewController.h; sourceTree = "<group>"; };
		3B52BB98188731A300C73329 /* SimpleAuthInstagramLoginViewController.m */ = {isa = PBXFileReference; fileEncoding = 4; lastKnownFileType = sourcecode.c.objc; path = SimpleAuthInstagramLoginViewController.m; sourceTree = "<group>"; };
		3B52BB99188731A300C73329 /* SimpleAuthInstagramProvider.h */ = {isa = PBXFileReference; fileEncoding = 4; lastKnownFileType = sourcecode.c.h; path = SimpleAuthInstagramProvider.h; sourceTree = "<group>"; };
		3B52BB9A188731A300C73329 /* SimpleAuthInstagramProvider.m */ = {isa = PBXFileReference; fileEncoding = 4; lastKnownFileType = sourcecode.c.objc; path = SimpleAuthInstagramProvider.m; sourceTree = "<group>"; };
		3B658429188892FD00D59100 /* SimpleAuthDemo.app */ = {isa = PBXFileReference; explicitFileType = wrapper.application; includeInIndex = 0; path = SimpleAuthDemo.app; sourceTree = BUILT_PRODUCTS_DIR; };
		3B658432188892FE00D59100 /* SimpleAuthDemo-Info.plist */ = {isa = PBXFileReference; lastKnownFileType = text.plist.xml; path = "SimpleAuthDemo-Info.plist"; sourceTree = "<group>"; };
		3B658434188892FE00D59100 /* en */ = {isa = PBXFileReference; lastKnownFileType = text.plist.strings; name = en; path = en.lproj/InfoPlist.strings; sourceTree = "<group>"; };
		3B658436188892FE00D59100 /* main.m */ = {isa = PBXFileReference; lastKnownFileType = sourcecode.c.objc; path = main.m; sourceTree = "<group>"; };
		3B658438188892FE00D59100 /* SimpleAuthDemo-Prefix.pch */ = {isa = PBXFileReference; lastKnownFileType = sourcecode.c.h; path = "SimpleAuthDemo-Prefix.pch"; sourceTree = "<group>"; };
		3B658439188892FE00D59100 /* SADAppDelegate.h */ = {isa = PBXFileReference; lastKnownFileType = sourcecode.c.h; path = SADAppDelegate.h; sourceTree = "<group>"; };
		3B65843A188892FE00D59100 /* SADAppDelegate.m */ = {isa = PBXFileReference; lastKnownFileType = sourcecode.c.objc; path = SADAppDelegate.m; sourceTree = "<group>"; };
		3B65843C188892FE00D59100 /* Images.xcassets */ = {isa = PBXFileReference; lastKnownFileType = folder.assetcatalog; path = Images.xcassets; sourceTree = "<group>"; };
		3B6584571888931F00D59100 /* SADProviderListViewController.m */ = {isa = PBXFileReference; fileEncoding = 4; lastKnownFileType = sourcecode.c.objc; path = SADProviderListViewController.m; sourceTree = "<group>"; };
		3B6584591888933200D59100 /* SADProviderListViewController.h */ = {isa = PBXFileReference; lastKnownFileType = sourcecode.c.h; path = SADProviderListViewController.h; sourceTree = "<group>"; };
		3B65845E1888A94200D59100 /* SimpleAuthTumblrProvider.h */ = {isa = PBXFileReference; fileEncoding = 4; lastKnownFileType = sourcecode.c.h; path = SimpleAuthTumblrProvider.h; sourceTree = "<group>"; };
		3B65845F1888A94200D59100 /* SimpleAuthTumblrProvider.m */ = {isa = PBXFileReference; fileEncoding = 4; lastKnownFileType = sourcecode.c.objc; path = SimpleAuthTumblrProvider.m; sourceTree = "<group>"; };
		3B6584611888ABFB00D59100 /* SimpleAuthTumblrLoginViewController.h */ = {isa = PBXFileReference; fileEncoding = 4; lastKnownFileType = sourcecode.c.h; path = SimpleAuthTumblrLoginViewController.h; sourceTree = "<group>"; };
		3B6584621888ABFB00D59100 /* SimpleAuthTumblrLoginViewController.m */ = {isa = PBXFileReference; fileEncoding = 4; lastKnownFileType = sourcecode.c.objc; path = SimpleAuthTumblrLoginViewController.m; sourceTree = "<group>"; };
		3B66656A18903F5400F3BF58 /* SimpleAuthFaceBookWebProvider.h */ = {isa = PBXFileReference; fileEncoding = 4; lastKnownFileType = sourcecode.c.h; path = SimpleAuthFaceBookWebProvider.h; sourceTree = "<group>"; };
		3B66656B18903F5400F3BF58 /* SimpleAuthFaceBookWebProvider.m */ = {isa = PBXFileReference; fileEncoding = 4; lastKnownFileType = sourcecode.c.objc; path = SimpleAuthFaceBookWebProvider.m; sourceTree = "<group>"; };
		3B66656D18903F8400F3BF58 /* SimpleAuthFacebookWebLoginViewController.h */ = {isa = PBXFileReference; fileEncoding = 4; lastKnownFileType = sourcecode.c.h; path = SimpleAuthFacebookWebLoginViewController.h; sourceTree = "<group>"; };
		3B66656E18903F8400F3BF58 /* SimpleAuthFacebookWebLoginViewController.m */ = {isa = PBXFileReference; fileEncoding = 4; lastKnownFileType = sourcecode.c.objc; path = SimpleAuthFacebookWebLoginViewController.m; sourceTree = "<group>"; };
		3B69D1F418C0340200E3D415 /* UIViewController+SimpleAuthAdditions.h */ = {isa = PBXFileReference; fileEncoding = 4; lastKnownFileType = sourcecode.c.h; path = "UIViewController+SimpleAuthAdditions.h"; sourceTree = "<group>"; };
		3B69D1F518C0340200E3D415 /* UIViewController+SimpleAuthAdditions.m */ = {isa = PBXFileReference; fileEncoding = 4; lastKnownFileType = sourcecode.c.objc; path = "UIViewController+SimpleAuthAdditions.m"; sourceTree = "<group>"; };
		3B69D1F618C0340200E3D415 /* UIWindow+SimpleAuthAdditions.h */ = {isa = PBXFileReference; fileEncoding = 4; lastKnownFileType = sourcecode.c.h; path = "UIWindow+SimpleAuthAdditions.h"; sourceTree = "<group>"; };
		3B69D1F718C0340200E3D415 /* UIWindow+SimpleAuthAdditions.m */ = {isa = PBXFileReference; fileEncoding = 4; lastKnownFileType = sourcecode.c.objc; path = "UIWindow+SimpleAuthAdditions.m"; sourceTree = "<group>"; };
		3B8C408C188792A9007DC578 /* SimpleAuthTwitterWebProvider.h */ = {isa = PBXFileReference; fileEncoding = 4; lastKnownFileType = sourcecode.c.h; path = SimpleAuthTwitterWebProvider.h; sourceTree = "<group>"; };
		3B8C408D188792A9007DC578 /* SimpleAuthTwitterWebProvider.m */ = {isa = PBXFileReference; fileEncoding = 4; lastKnownFileType = sourcecode.c.objc; path = SimpleAuthTwitterWebProvider.m; sourceTree = "<group>"; };
		3B8C408F18879347007DC578 /* SimpleAuthTwitterWebLoginViewController.h */ = {isa = PBXFileReference; fileEncoding = 4; lastKnownFileType = sourcecode.c.h; path = SimpleAuthTwitterWebLoginViewController.h; sourceTree = "<group>"; };
		3B8C409018879347007DC578 /* SimpleAuthTwitterWebLoginViewController.m */ = {isa = PBXFileReference; fileEncoding = 4; lastKnownFileType = sourcecode.c.objc; path = SimpleAuthTwitterWebLoginViewController.m; sourceTree = "<group>"; };
		3B9AB062182AC2710011FB9E /* SimpleAuthProvider.h */ = {isa = PBXFileReference; fileEncoding = 4; lastKnownFileType = sourcecode.c.h; path = SimpleAuthProvider.h; sourceTree = "<group>"; };
		3B9AB063182AC2710011FB9E /* SimpleAuthProvider.m */ = {isa = PBXFileReference; fileEncoding = 4; lastKnownFileType = sourcecode.c.objc; path = SimpleAuthProvider.m; sourceTree = "<group>"; };
		3BB32504182ABC8B00ACB555 /* libSimpleAuth.a */ = {isa = PBXFileReference; explicitFileType = archive.ar; includeInIndex = 0; path = libSimpleAuth.a; sourceTree = BUILT_PRODUCTS_DIR; };
		3BB3250B182ABC8B00ACB555 /* SimpleAuth-Prefix.pch */ = {isa = PBXFileReference; lastKnownFileType = sourcecode.c.h; path = "SimpleAuth-Prefix.pch"; sourceTree = "<group>"; };
		3BB3250C182ABC8B00ACB555 /* SimpleAuth.h */ = {isa = PBXFileReference; lastKnownFileType = sourcecode.c.h; path = SimpleAuth.h; sourceTree = "<group>"; };
		3BB3250E182ABC8B00ACB555 /* SimpleAuth.m */ = {isa = PBXFileReference; lastKnownFileType = sourcecode.c.objc; path = SimpleAuth.m; sourceTree = "<group>"; };
		3BBDA066188E02A70045D1EA /* NSObject+SimpleAuthAdditions.h */ = {isa = PBXFileReference; fileEncoding = 4; lastKnownFileType = sourcecode.c.h; path = "NSObject+SimpleAuthAdditions.h"; sourceTree = "<group>"; };
		3BBDA067188E02A70045D1EA /* NSObject+SimpleAuthAdditions.m */ = {isa = PBXFileReference; fileEncoding = 4; lastKnownFileType = sourcecode.c.objc; path = "NSObject+SimpleAuthAdditions.m"; sourceTree = "<group>"; };
		3BC5FC6E1891D86A00523166 /* SimpleAuthDropboxWebProvider.h */ = {isa = PBXFileReference; fileEncoding = 4; lastKnownFileType = sourcecode.c.h; path = SimpleAuthDropboxWebProvider.h; sourceTree = "<group>"; };
		3BC5FC6F1891D86A00523166 /* SimpleAuthDropboxWebProvider.m */ = {isa = PBXFileReference; fileEncoding = 4; lastKnownFileType = sourcecode.c.objc; path = SimpleAuthDropboxWebProvider.m; sourceTree = "<group>"; };
		3BC5FC711891D87B00523166 /* SimpleAuthDropboxWebLoginViewController.h */ = {isa = PBXFileReference; fileEncoding = 4; lastKnownFileType = sourcecode.c.h; path = SimpleAuthDropboxWebLoginViewController.h; sourceTree = "<group>"; };
		3BC5FC721891D87B00523166 /* SimpleAuthDropboxWebLoginViewController.m */ = {isa = PBXFileReference; fileEncoding = 4; lastKnownFileType = sourcecode.c.objc; path = SimpleAuthDropboxWebLoginViewController.m; sourceTree = "<group>"; };
		3C0A5391182C4217002C050C /* SimpleAuthWebViewController.h */ = {isa = PBXFileReference; fileEncoding = 4; lastKnownFileType = sourcecode.c.h; path = SimpleAuthWebViewController.h; sourceTree = "<group>"; };
		3C0A5392182C4217002C050C /* SimpleAuthWebViewController.m */ = {isa = PBXFileReference; fileEncoding = 4; lastKnownFileType = sourcecode.c.objc; path = SimpleAuthWebViewController.m; sourceTree = "<group>"; };
		4D149A3F1889B3DF0024639C /* SimpleAuthMeetupProvider.h */ = {isa = PBXFileReference; fileEncoding = 4; lastKnownFileType = sourcecode.c.h; name = SimpleAuthMeetupProvider.h; path = Meetup/SimpleAuthMeetupProvider.h; sourceTree = "<group>"; };
		4D149A401889B3DF0024639C /* SimpleAuthMeetupProvider.m */ = {isa = PBXFileReference; fileEncoding = 4; lastKnownFileType = sourcecode.c.objc; name = SimpleAuthMeetupProvider.m; path = Meetup/SimpleAuthMeetupProvider.m; sourceTree = "<group>"; };
		4D149A421889B4390024639C /* SimpleAuthMeetupLoginViewController.h */ = {isa = PBXFileReference; fileEncoding = 4; lastKnownFileType = sourcecode.c.h; name = SimpleAuthMeetupLoginViewController.h; path = Meetup/SimpleAuthMeetupLoginViewController.h; sourceTree = "<group>"; };
		4D149A431889B4390024639C /* SimpleAuthMeetupLoginViewController.m */ = {isa = PBXFileReference; fileEncoding = 4; lastKnownFileType = sourcecode.c.objc; name = SimpleAuthMeetupLoginViewController.m; path = Meetup/SimpleAuthMeetupLoginViewController.m; sourceTree = "<group>"; };
		4DD68DF218B21A3C009B3767 /* SimpleAuthSinaWeiboWebProvider.h */ = {isa = PBXFileReference; fileEncoding = 4; lastKnownFileType = sourcecode.c.h; path = SimpleAuthSinaWeiboWebProvider.h; sourceTree = "<group>"; };
		4DD68DF318B21A3C009B3767 /* SimpleAuthSinaWeiboWebProvider.m */ = {isa = PBXFileReference; fileEncoding = 4; lastKnownFileType = sourcecode.c.objc; path = SimpleAuthSinaWeiboWebProvider.m; sourceTree = "<group>"; };
		4DD68DF518B21A55009B3767 /* SimpleAuthSinaWeiboWebLoginViewController.h */ = {isa = PBXFileReference; fileEncoding = 4; lastKnownFileType = sourcecode.c.h; path = SimpleAuthSinaWeiboWebLoginViewController.h; sourceTree = "<group>"; };
		4DD68DF618B21A55009B3767 /* SimpleAuthSinaWeiboWebLoginViewController.m */ = {isa = PBXFileReference; fileEncoding = 4; lastKnownFileType = sourcecode.c.objc; path = SimpleAuthSinaWeiboWebLoginViewController.m; sourceTree = "<group>"; };
		81A50A471892649300D5D8AC /* SimpleAuthLinkedInWebProvider.h */ = {isa = PBXFileReference; fileEncoding = 4; lastKnownFileType = sourcecode.c.h; path = SimpleAuthLinkedInWebProvider.h; sourceTree = "<group>"; };
		81A50A481892649300D5D8AC /* SimpleAuthLinkedInWebProvider.m */ = {isa = PBXFileReference; fileEncoding = 4; lastKnownFileType = sourcecode.c.objc; path = SimpleAuthLinkedInWebProvider.m; sourceTree = "<group>"; };
		81A50A4A189264C500D5D8AC /* SimpleAuthLinkedInWebLoginViewController.h */ = {isa = PBXFileReference; fileEncoding = 4; lastKnownFileType = sourcecode.c.h; path = SimpleAuthLinkedInWebLoginViewController.h; sourceTree = "<group>"; };
		81A50A4B189264C500D5D8AC /* SimpleAuthLinkedInWebLoginViewController.m */ = {isa = PBXFileReference; fileEncoding = 4; lastKnownFileType = sourcecode.c.objc; path = SimpleAuthLinkedInWebLoginViewController.m; sourceTree = "<group>"; };
		F978D07E18AE382600017ED5 /* SimpleAuthSingleSignOnProvider.h */ = {isa = PBXFileReference; fileEncoding = 4; lastKnownFileType = sourcecode.c.h; path = SimpleAuthSingleSignOnProvider.h; sourceTree = "<group>"; };
		F9BE4F33189120DE00AE303A /* SimpleAuthFoursquareWebProvider.h */ = {isa = PBXFileReference; fileEncoding = 4; lastKnownFileType = sourcecode.c.h; path = SimpleAuthFoursquareWebProvider.h; sourceTree = "<group>"; };
		F9BE4F34189120DE00AE303A /* SimpleAuthFoursquareWebProvider.m */ = {isa = PBXFileReference; fileEncoding = 4; lastKnownFileType = sourcecode.c.objc; path = SimpleAuthFoursquareWebProvider.m; sourceTree = "<group>"; };
		F9BE4F391891308200AE303A /* SimpleAuthFoursquareWebLoginViewController.h */ = {isa = PBXFileReference; fileEncoding = 4; lastKnownFileType = sourcecode.c.h; path = SimpleAuthFoursquareWebLoginViewController.h; sourceTree = "<group>"; };
		F9BE4F3A1891308200AE303A /* SimpleAuthFoursquareWebLoginViewController.m */ = {isa = PBXFileReference; fileEncoding = 4; lastKnownFileType = sourcecode.c.objc; path = SimpleAuthFoursquareWebLoginViewController.m; sourceTree = "<group>"; };
/* End PBXFileReference section */

/* Begin PBXFrameworksBuildPhase section */
		3B658426188892FD00D59100 /* Frameworks */ = {
			isa = PBXFrameworksBuildPhase;
			buildActionMask = 2147483647;
			files = (
				3B65845C188895E400D59100 /* libSimpleAuth.a in Frameworks */,
			);
			runOnlyForDeploymentPostprocessing = 0;
		};
		681A563A05114C23AD83043F /* Frameworks */ = {
			isa = PBXFrameworksBuildPhase;
			buildActionMask = 2147483647;
			files = (
				F435E27FC62B4584BF9DBF2C /* libPods.a in Frameworks */,
			);
			runOnlyForDeploymentPostprocessing = 0;
		};
/* End PBXFrameworksBuildPhase section */

/* Begin PBXGroup section */
		3B52BB8D1887088400C73329 /* Providers */ = {
			isa = PBXGroup;
			children = (
				3B52BB9218871F6200C73329 /* Facebook */,
				3B66656918903F4000F3BF58 /* Facebook Web */,
				3B52BB8E1887088400C73329 /* Twitter */,
				3B8C408B18879296007DC578 /* Twitter Web */,
				3B52BB96188731A300C73329 /* Instagram */,
				3B65845D1888A93200D59100 /* Tumblr */,
				3BC5FC6D1891D80E00523166 /* Dropbox Web */,
				F9BE4F32189120BE00AE303A /* Foursquare Web */,
				4D149A3E1889B38C0024639C /* Meetup */,
				81A50A461892645800D5D8AC /* LinkedIn Web */,
				4DD68DF118B21A0F009B3767 /* SinaWeibo Web */,
			);
			path = Providers;
			sourceTree = "<group>";
		};
		3B52BB8E1887088400C73329 /* Twitter */ = {
			isa = PBXGroup;
			children = (
				3B52BB8F1887088400C73329 /* SimpleAuthTwitterProvider.h */,
				3B52BB901887088400C73329 /* SimpleAuthTwitterProvider.m */,
			);
			path = Twitter;
			sourceTree = "<group>";
		};
		3B52BB9218871F6200C73329 /* Facebook */ = {
			isa = PBXGroup;
			children = (
				3B52BB9318871F6200C73329 /* SimpleAuthFacebookProvider.h */,
				3B52BB9418871F6200C73329 /* SimpleAuthFacebookProvider.m */,
			);
			path = Facebook;
			sourceTree = "<group>";
		};
		3B52BB96188731A300C73329 /* Instagram */ = {
			isa = PBXGroup;
			children = (
				3B52BB99188731A300C73329 /* SimpleAuthInstagramProvider.h */,
				3B52BB9A188731A300C73329 /* SimpleAuthInstagramProvider.m */,
				3B52BB97188731A300C73329 /* SimpleAuthInstagramLoginViewController.h */,
				3B52BB98188731A300C73329 /* SimpleAuthInstagramLoginViewController.m */,
			);
			path = Instagram;
			sourceTree = "<group>";
		};
		3B658430188892FE00D59100 /* SimpleAuthDemo */ = {
			isa = PBXGroup;
			children = (
				3B658439188892FE00D59100 /* SADAppDelegate.h */,
				3B65843A188892FE00D59100 /* SADAppDelegate.m */,
				3B6584591888933200D59100 /* SADProviderListViewController.h */,
				3B6584571888931F00D59100 /* SADProviderListViewController.m */,
				3B65843C188892FE00D59100 /* Images.xcassets */,
				3B658431188892FE00D59100 /* Supporting Files */,
			);
			path = SimpleAuthDemo;
			sourceTree = "<group>";
		};
		3B658431188892FE00D59100 /* Supporting Files */ = {
			isa = PBXGroup;
			children = (
				3B658432188892FE00D59100 /* SimpleAuthDemo-Info.plist */,
				3B658433188892FE00D59100 /* InfoPlist.strings */,
				3B658436188892FE00D59100 /* main.m */,
				3B658438188892FE00D59100 /* SimpleAuthDemo-Prefix.pch */,
			);
			name = "Supporting Files";
			sourceTree = "<group>";
		};
		3B65845D1888A93200D59100 /* Tumblr */ = {
			isa = PBXGroup;
			children = (
				3B65845E1888A94200D59100 /* SimpleAuthTumblrProvider.h */,
				3B65845F1888A94200D59100 /* SimpleAuthTumblrProvider.m */,
				3B6584611888ABFB00D59100 /* SimpleAuthTumblrLoginViewController.h */,
				3B6584621888ABFB00D59100 /* SimpleAuthTumblrLoginViewController.m */,
			);
			path = Tumblr;
			sourceTree = "<group>";
		};
		3B66656918903F4000F3BF58 /* Facebook Web */ = {
			isa = PBXGroup;
			children = (
				3B66656A18903F5400F3BF58 /* SimpleAuthFaceBookWebProvider.h */,
				3B66656B18903F5400F3BF58 /* SimpleAuthFaceBookWebProvider.m */,
				3B66656D18903F8400F3BF58 /* SimpleAuthFacebookWebLoginViewController.h */,
				3B66656E18903F8400F3BF58 /* SimpleAuthFacebookWebLoginViewController.m */,
			);
			name = "Facebook Web";
			path = FacebookWeb;
			sourceTree = "<group>";
		};
		3B69D1F218C0340200E3D415 /* UI */ = {
			isa = PBXGroup;
			children = (
				3B69D1F318C0340200E3D415 /* ios */,
			);
			path = UI;
			sourceTree = "<group>";
		};
		3B69D1F318C0340200E3D415 /* ios */ = {
			isa = PBXGroup;
			children = (
				3B69D1F418C0340200E3D415 /* UIViewController+SimpleAuthAdditions.h */,
				3B69D1F518C0340200E3D415 /* UIViewController+SimpleAuthAdditions.m */,
				3B69D1F618C0340200E3D415 /* UIWindow+SimpleAuthAdditions.h */,
				3B69D1F718C0340200E3D415 /* UIWindow+SimpleAuthAdditions.m */,
				3C0A5391182C4217002C050C /* SimpleAuthWebViewController.h */,
				3C0A5392182C4217002C050C /* SimpleAuthWebViewController.m */,
			);
			name = ios;
			path = iOS;
			sourceTree = "<group>";
		};
		3B8C408B18879296007DC578 /* Twitter Web */ = {
			isa = PBXGroup;
			children = (
				3B8C408C188792A9007DC578 /* SimpleAuthTwitterWebProvider.h */,
				3B8C408D188792A9007DC578 /* SimpleAuthTwitterWebProvider.m */,
				3B8C408F18879347007DC578 /* SimpleAuthTwitterWebLoginViewController.h */,
				3B8C409018879347007DC578 /* SimpleAuthTwitterWebLoginViewController.m */,
			);
			name = "Twitter Web";
			path = TwitterWeb;
			sourceTree = "<group>";
		};
		3B8F11B8182AC0E50035C4EA /* Providers */ = {
			isa = PBXGroup;
			children = (
				3B9AB062182AC2710011FB9E /* SimpleAuthProvider.h */,
				3B9AB063182AC2710011FB9E /* SimpleAuthProvider.m */,
				F978D07E18AE382600017ED5 /* SimpleAuthSingleSignOnProvider.h */,
			);
			name = Providers;
			sourceTree = "<group>";
		};
		3BB324FB182ABC8B00ACB555 = {
			isa = PBXGroup;
			children = (
				3BB32509182ABC8B00ACB555 /* SimpleAuth */,
				3B52BB8D1887088400C73329 /* Providers */,
				3B658430188892FE00D59100 /* SimpleAuthDemo */,
				3BB32506182ABC8B00ACB555 /* Frameworks */,
				3BB32505182ABC8B00ACB555 /* Products */,
				0FCEF85A832046CDB0CCBF25 /* Pods.xcconfig */,
			);
			sourceTree = "<group>";
		};
		3BB32505182ABC8B00ACB555 /* Products */ = {
			isa = PBXGroup;
			children = (
				3BB32504182ABC8B00ACB555 /* libSimpleAuth.a */,
				3B658429188892FD00D59100 /* SimpleAuthDemo.app */,
			);
			name = Products;
			sourceTree = "<group>";
		};
		3BB32506182ABC8B00ACB555 /* Frameworks */ = {
			isa = PBXGroup;
			children = (
				0D4998CFA03844FB99EE78AA /* libPods.a */,
			);
			name = Frameworks;
			sourceTree = "<group>";
		};
		3BB32509182ABC8B00ACB555 /* SimpleAuth */ = {
			isa = PBXGroup;
			children = (
				3BB3250C182ABC8B00ACB555 /* SimpleAuth.h */,
				3BB3250E182ABC8B00ACB555 /* SimpleAuth.m */,
				3B69D1F218C0340200E3D415 /* UI */,
				3B8F11B8182AC0E50035C4EA /* Providers */,
				3C611F421835350800D87E45 /* Categories */,
				3BB3250A182ABC8B00ACB555 /* Supporting Files */,
			);
			path = SimpleAuth;
			sourceTree = "<group>";
		};
		3BB3250A182ABC8B00ACB555 /* Supporting Files */ = {
			isa = PBXGroup;
			children = (
				3BB3250B182ABC8B00ACB555 /* SimpleAuth-Prefix.pch */,
			);
			name = "Supporting Files";
			sourceTree = "<group>";
		};
		3BC5FC6D1891D80E00523166 /* Dropbox Web */ = {
			isa = PBXGroup;
			children = (
				3BC5FC6E1891D86A00523166 /* SimpleAuthDropboxWebProvider.h */,
				3BC5FC6F1891D86A00523166 /* SimpleAuthDropboxWebProvider.m */,
				3BC5FC711891D87B00523166 /* SimpleAuthDropboxWebLoginViewController.h */,
				3BC5FC721891D87B00523166 /* SimpleAuthDropboxWebLoginViewController.m */,
			);
			name = "Dropbox Web";
			path = DropboxWeb;
			sourceTree = "<group>";
		};
		3C611F421835350800D87E45 /* Categories */ = {
			isa = PBXGroup;
			children = (
				3BBDA066188E02A70045D1EA /* NSObject+SimpleAuthAdditions.h */,
				3BBDA067188E02A70045D1EA /* NSObject+SimpleAuthAdditions.m */,
				3B3536981894C5710044EA0E /* ACAccountStore+SimpleAuth.h */,
				3B3536991894C5710044EA0E /* ACAccountStore+SimpleAuth.m */,
			);
			name = Categories;
			sourceTree = "<group>";
		};
		4D149A3E1889B38C0024639C /* Meetup */ = {
			isa = PBXGroup;
			children = (
				4D149A3F1889B3DF0024639C /* SimpleAuthMeetupProvider.h */,
				4D149A401889B3DF0024639C /* SimpleAuthMeetupProvider.m */,
				4D149A421889B4390024639C /* SimpleAuthMeetupLoginViewController.h */,
				4D149A431889B4390024639C /* SimpleAuthMeetupLoginViewController.m */,
			);
			name = Meetup;
			sourceTree = "<group>";
		};
		4DD68DF118B21A0F009B3767 /* SinaWeibo Web */ = {
			isa = PBXGroup;
			children = (
				4DD68DF218B21A3C009B3767 /* SimpleAuthSinaWeiboWebProvider.h */,
				4DD68DF318B21A3C009B3767 /* SimpleAuthSinaWeiboWebProvider.m */,
				4DD68DF518B21A55009B3767 /* SimpleAuthSinaWeiboWebLoginViewController.h */,
				4DD68DF618B21A55009B3767 /* SimpleAuthSinaWeiboWebLoginViewController.m */,
			);
			name = "SinaWeibo Web";
			path = SinaWeiboWeb;
			sourceTree = "<group>";
		};
		81A50A461892645800D5D8AC /* LinkedIn Web */ = {
			isa = PBXGroup;
			children = (
				81A50A471892649300D5D8AC /* SimpleAuthLinkedInWebProvider.h */,
				81A50A481892649300D5D8AC /* SimpleAuthLinkedInWebProvider.m */,
				81A50A4A189264C500D5D8AC /* SimpleAuthLinkedInWebLoginViewController.h */,
				81A50A4B189264C500D5D8AC /* SimpleAuthLinkedInWebLoginViewController.m */,
			);
			name = "LinkedIn Web";
			path = LinkedIn;
			sourceTree = "<group>";
		};
		F9BE4F32189120BE00AE303A /* Foursquare Web */ = {
			isa = PBXGroup;
			children = (
				F9BE4F33189120DE00AE303A /* SimpleAuthFoursquareWebProvider.h */,
				F9BE4F34189120DE00AE303A /* SimpleAuthFoursquareWebProvider.m */,
				F9BE4F391891308200AE303A /* SimpleAuthFoursquareWebLoginViewController.h */,
				F9BE4F3A1891308200AE303A /* SimpleAuthFoursquareWebLoginViewController.m */,
			);
			name = "Foursquare Web";
			path = FoursquareWeb;
			sourceTree = "<group>";
		};
/* End PBXGroup section */

/* Begin PBXNativeTarget section */
		3B658428188892FD00D59100 /* SimpleAuthDemo */ = {
			isa = PBXNativeTarget;
			buildConfigurationList = 3B658455188892FE00D59100 /* Build configuration list for PBXNativeTarget "SimpleAuthDemo" */;
			buildPhases = (
				3B658425188892FD00D59100 /* Sources */,
				3B658426188892FD00D59100 /* Frameworks */,
				3B658427188892FD00D59100 /* Resources */,
			);
			buildRules = (
			);
			dependencies = (
				3B65845B1888947500D59100 /* PBXTargetDependency */,
			);
			name = SimpleAuthDemo;
			productName = SimpleAuthDemo;
			productReference = 3B658429188892FD00D59100 /* SimpleAuthDemo.app */;
			productType = "com.apple.product-type.application";
		};
		3BB32503182ABC8B00ACB555 /* SimpleAuth */ = {
			isa = PBXNativeTarget;
			buildConfigurationList = 3BB32527182ABC8C00ACB555 /* Build configuration list for PBXNativeTarget "SimpleAuth" */;
			buildPhases = (
				5220918F16EE4E09993F918E /* Check Pods Manifest.lock */,
				3BB32500182ABC8B00ACB555 /* Sources */,
				681A563A05114C23AD83043F /* Frameworks */,
				7F931EDAAC5648DA9D804C83 /* Copy Pods Resources */,
			);
			buildRules = (
			);
			dependencies = (
			);
			name = SimpleAuth;
			productName = SimpleAuth;
			productReference = 3BB32504182ABC8B00ACB555 /* libSimpleAuth.a */;
			productType = "com.apple.product-type.library.static";
		};
/* End PBXNativeTarget section */

/* Begin PBXProject section */
		3BB324FC182ABC8B00ACB555 /* Project object */ = {
			isa = PBXProject;
			attributes = {
				LastUpgradeCheck = 0500;
				ORGANIZATIONNAME = "Byliner, Inc";
			};
			buildConfigurationList = 3BB324FF182ABC8B00ACB555 /* Build configuration list for PBXProject "SimpleAuth" */;
			compatibilityVersion = "Xcode 3.2";
			developmentRegion = English;
			hasScannedForEncodings = 0;
			knownRegions = (
				en,
			);
			mainGroup = 3BB324FB182ABC8B00ACB555;
			productRefGroup = 3BB32505182ABC8B00ACB555 /* Products */;
			projectDirPath = "";
			projectRoot = "";
			targets = (
				3BB32503182ABC8B00ACB555 /* SimpleAuth */,
				3B658428188892FD00D59100 /* SimpleAuthDemo */,
			);
		};
/* End PBXProject section */

/* Begin PBXResourcesBuildPhase section */
		3B658427188892FD00D59100 /* Resources */ = {
			isa = PBXResourcesBuildPhase;
			buildActionMask = 2147483647;
			files = (
				3B658435188892FE00D59100 /* InfoPlist.strings in Resources */,
				3B65843D188892FE00D59100 /* Images.xcassets in Resources */,
			);
			runOnlyForDeploymentPostprocessing = 0;
		};
/* End PBXResourcesBuildPhase section */

/* Begin PBXShellScriptBuildPhase section */
		5220918F16EE4E09993F918E /* Check Pods Manifest.lock */ = {
			isa = PBXShellScriptBuildPhase;
			buildActionMask = 2147483647;
			files = (
			);
			inputPaths = (
			);
			name = "Check Pods Manifest.lock";
			outputPaths = (
			);
			runOnlyForDeploymentPostprocessing = 0;
			shellPath = /bin/sh;
			shellScript = "diff \"${PODS_ROOT}/../Podfile.lock\" \"${PODS_ROOT}/Manifest.lock\" > /dev/null\nif [[ $? != 0 ]] ; then\n    cat << EOM\nerror: The sandbox is not in sync with the Podfile.lock. Run 'pod install' or update your CocoaPods installation.\nEOM\n    exit 1\nfi\n";
			showEnvVarsInLog = 0;
		};
		7F931EDAAC5648DA9D804C83 /* Copy Pods Resources */ = {
			isa = PBXShellScriptBuildPhase;
			buildActionMask = 2147483647;
			files = (
			);
			inputPaths = (
			);
			name = "Copy Pods Resources";
			outputPaths = (
			);
			runOnlyForDeploymentPostprocessing = 0;
			shellPath = /bin/sh;
			shellScript = "\"${SRCROOT}/Pods/Pods-resources.sh\"\n";
			showEnvVarsInLog = 0;
		};
/* End PBXShellScriptBuildPhase section */

/* Begin PBXSourcesBuildPhase section */
		3B658425188892FD00D59100 /* Sources */ = {
			isa = PBXSourcesBuildPhase;
			buildActionMask = 2147483647;
			files = (
				3B69D1F918C0340200E3D415 /* UIViewController+SimpleAuthAdditions.m in Sources */,
				3B6584581888931F00D59100 /* SADProviderListViewController.m in Sources */,
				3B69D1FB18C0340200E3D415 /* UIWindow+SimpleAuthAdditions.m in Sources */,
				3B658437188892FE00D59100 /* main.m in Sources */,
				4DD68DF718B21A55009B3767 /* SimpleAuthSinaWeiboWebLoginViewController.m in Sources */,
				4DD68DF418B21A3C009B3767 /* SimpleAuthSinaWeiboWebProvider.m in Sources */,
				3B65843B188892FE00D59100 /* SADAppDelegate.m in Sources */,
			);
			runOnlyForDeploymentPostprocessing = 0;
		};
		3BB32500182ABC8B00ACB555 /* Sources */ = {
			isa = PBXSourcesBuildPhase;
			buildActionMask = 2147483647;
			files = (
				3BC5FC701891D86A00523166 /* SimpleAuthDropboxWebProvider.m in Sources */,
				3B8C408E188792A9007DC578 /* SimpleAuthTwitterWebProvider.m in Sources */,
				81A50A4C189264C500D5D8AC /* SimpleAuthLinkedInWebLoginViewController.m in Sources */,
				F9BE4F3E189139E900AE303A /* SimpleAuthFoursquareWebProvider.m in Sources */,
				4D149A411889B3DF0024639C /* SimpleAuthMeetupProvider.m in Sources */,
				81A50A491892649300D5D8AC /* SimpleAuthLinkedInWebProvider.m in Sources */,
				3B8C409118879347007DC578 /* SimpleAuthTwitterWebLoginViewController.m in Sources */,
				3B69D1FA18C0340200E3D415 /* UIWindow+SimpleAuthAdditions.m in Sources */,
				3B6584631888ABFB00D59100 /* SimpleAuthTumblrLoginViewController.m in Sources */,
				3B52BB9518871F6200C73329 /* SimpleAuthFacebookProvider.m in Sources */,
				3B9AB064182AC2710011FB9E /* SimpleAuthProvider.m in Sources */,
				3B52BB9B188731A300C73329 /* SimpleAuthInstagramLoginViewController.m in Sources */,
				F9BE4F3F189139F200AE303A /* SimpleAuthFoursquareWebLoginViewController.m in Sources */,
				3B69D1F818C0340200E3D415 /* UIViewController+SimpleAuthAdditions.m in Sources */,
				3C0A5393182C4217002C050C /* SimpleAuthWebViewController.m in Sources */,
				3B6584601888A94200D59100 /* SimpleAuthTumblrProvider.m in Sources */,
				4D149A441889B4390024639C /* SimpleAuthMeetupLoginViewController.m in Sources */,
				3B66656F18903F8400F3BF58 /* SimpleAuthFacebookWebLoginViewController.m in Sources */,
				3BC5FC731891D87B00523166 /* SimpleAuthDropboxWebLoginViewController.m in Sources */,
				3B52BB911887088400C73329 /* SimpleAuthTwitterProvider.m in Sources */,
				3B52BB9C188731A300C73329 /* SimpleAuthInstagramProvider.m in Sources */,
				3B66656C18903F5400F3BF58 /* SimpleAuthFaceBookWebProvider.m in Sources */,
				3B35369A1894C5710044EA0E /* ACAccountStore+SimpleAuth.m in Sources */,
				3BB3250F182ABC8B00ACB555 /* SimpleAuth.m in Sources */,
				3BBDA068188E02A70045D1EA /* NSObject+SimpleAuthAdditions.m in Sources */,
			);
			runOnlyForDeploymentPostprocessing = 0;
		};
/* End PBXSourcesBuildPhase section */

/* Begin PBXTargetDependency section */
		3B65845B1888947500D59100 /* PBXTargetDependency */ = {
			isa = PBXTargetDependency;
			target = 3BB32503182ABC8B00ACB555 /* SimpleAuth */;
			targetProxy = 3B65845A1888947500D59100 /* PBXContainerItemProxy */;
		};
/* End PBXTargetDependency section */

/* Begin PBXVariantGroup section */
		3B658433188892FE00D59100 /* InfoPlist.strings */ = {
			isa = PBXVariantGroup;
			children = (
				3B658434188892FE00D59100 /* en */,
			);
			name = InfoPlist.strings;
			sourceTree = "<group>";
		};
/* End PBXVariantGroup section */

/* Begin XCBuildConfiguration section */
		3B658451188892FE00D59100 /* Debug */ = {
			isa = XCBuildConfiguration;
			baseConfigurationReference = 0FCEF85A832046CDB0CCBF25 /* Pods.xcconfig */;
			buildSettings = {
				ASSETCATALOG_COMPILER_APPICON_NAME = AppIcon;
				ASSETCATALOG_COMPILER_LAUNCHIMAGE_NAME = LaunchImage;
				"CODE_SIGN_IDENTITY[sdk=iphoneos*]" = "iPhone Developer";
				GCC_PRECOMPILE_PREFIX_HEADER = YES;
				GCC_PREFIX_HEADER = "SimpleAuthDemo/SimpleAuthDemo-Prefix.pch";
				GCC_PREPROCESSOR_DEFINITIONS = (
					"DEBUG=1",
					"$(inherited)",
				);
				INFOPLIST_FILE = "SimpleAuthDemo/SimpleAuthDemo-Info.plist";
				OTHER_LDFLAGS = (
					"-ObjC",
					"-all_load",
				);
				PRODUCT_NAME = "$(TARGET_NAME)";
				WRAPPER_EXTENSION = app;
			};
			name = Debug;
		};
		3B658452188892FE00D59100 /* Release */ = {
			isa = XCBuildConfiguration;
			baseConfigurationReference = 0FCEF85A832046CDB0CCBF25 /* Pods.xcconfig */;
			buildSettings = {
				ASSETCATALOG_COMPILER_APPICON_NAME = AppIcon;
				ASSETCATALOG_COMPILER_LAUNCHIMAGE_NAME = LaunchImage;
				"CODE_SIGN_IDENTITY[sdk=iphoneos*]" = "iPhone Developer";
				GCC_PRECOMPILE_PREFIX_HEADER = YES;
				GCC_PREFIX_HEADER = "SimpleAuthDemo/SimpleAuthDemo-Prefix.pch";
				INFOPLIST_FILE = "SimpleAuthDemo/SimpleAuthDemo-Info.plist";
				OTHER_LDFLAGS = (
					"-ObjC",
					"-all_load",
				);
				PRODUCT_NAME = "$(TARGET_NAME)";
				WRAPPER_EXTENSION = app;
			};
			name = Release;
		};
		3BB32525182ABC8C00ACB555 /* Debug */ = {
			isa = XCBuildConfiguration;
			buildSettings = {
				ALWAYS_SEARCH_USER_PATHS = NO;
				ARCHS = "$(ARCHS_STANDARD_INCLUDING_64_BIT)";
				CLANG_CXX_LANGUAGE_STANDARD = "gnu++0x";
				CLANG_CXX_LIBRARY = "libc++";
				CLANG_ENABLE_MODULES = YES;
				CLANG_ENABLE_OBJC_ARC = YES;
				CLANG_WARN_BOOL_CONVERSION = YES;
				CLANG_WARN_CONSTANT_CONVERSION = YES;
				CLANG_WARN_DIRECT_OBJC_ISA_USAGE = YES_ERROR;
				CLANG_WARN_EMPTY_BODY = YES;
				CLANG_WARN_ENUM_CONVERSION = YES;
				CLANG_WARN_INT_CONVERSION = YES;
				CLANG_WARN_OBJC_ROOT_CLASS = YES_ERROR;
				CLANG_WARN__DUPLICATE_METHOD_MATCH = YES;
				COPY_PHASE_STRIP = NO;
				GCC_C_LANGUAGE_STANDARD = gnu99;
				GCC_DYNAMIC_NO_PIC = NO;
				GCC_OPTIMIZATION_LEVEL = 0;
				GCC_PREPROCESSOR_DEFINITIONS = (
					"DEBUG=1",
					"$(inherited)",
				);
				GCC_SYMBOLS_PRIVATE_EXTERN = NO;
				GCC_WARN_64_TO_32_BIT_CONVERSION = YES;
				GCC_WARN_ABOUT_RETURN_TYPE = YES_ERROR;
				GCC_WARN_UNDECLARED_SELECTOR = YES;
				GCC_WARN_UNINITIALIZED_AUTOS = YES;
				GCC_WARN_UNUSED_FUNCTION = YES;
				GCC_WARN_UNUSED_VARIABLE = YES;
				IPHONEOS_DEPLOYMENT_TARGET = 7.0;
				ONLY_ACTIVE_ARCH = YES;
				SDKROOT = iphoneos;
			};
			name = Debug;
		};
		3BB32526182ABC8C00ACB555 /* Release */ = {
			isa = XCBuildConfiguration;
			buildSettings = {
				ALWAYS_SEARCH_USER_PATHS = NO;
				ARCHS = "$(ARCHS_STANDARD_INCLUDING_64_BIT)";
				CLANG_CXX_LANGUAGE_STANDARD = "gnu++0x";
				CLANG_CXX_LIBRARY = "libc++";
				CLANG_ENABLE_MODULES = YES;
				CLANG_ENABLE_OBJC_ARC = YES;
				CLANG_WARN_BOOL_CONVERSION = YES;
				CLANG_WARN_CONSTANT_CONVERSION = YES;
				CLANG_WARN_DIRECT_OBJC_ISA_USAGE = YES_ERROR;
				CLANG_WARN_EMPTY_BODY = YES;
				CLANG_WARN_ENUM_CONVERSION = YES;
				CLANG_WARN_INT_CONVERSION = YES;
				CLANG_WARN_OBJC_ROOT_CLASS = YES_ERROR;
				CLANG_WARN__DUPLICATE_METHOD_MATCH = YES;
				COPY_PHASE_STRIP = YES;
				ENABLE_NS_ASSERTIONS = NO;
				GCC_C_LANGUAGE_STANDARD = gnu99;
				GCC_WARN_64_TO_32_BIT_CONVERSION = YES;
				GCC_WARN_ABOUT_RETURN_TYPE = YES_ERROR;
				GCC_WARN_UNDECLARED_SELECTOR = YES;
				GCC_WARN_UNINITIALIZED_AUTOS = YES;
				GCC_WARN_UNUSED_FUNCTION = YES;
				GCC_WARN_UNUSED_VARIABLE = YES;
				IPHONEOS_DEPLOYMENT_TARGET = 7.0;
				SDKROOT = iphoneos;
				VALIDATE_PRODUCT = YES;
			};
			name = Release;
		};
		3BB32528182ABC8C00ACB555 /* Debug */ = {
			isa = XCBuildConfiguration;
			baseConfigurationReference = 0FCEF85A832046CDB0CCBF25 /* Pods.xcconfig */;
			buildSettings = {
				DSTROOT = /tmp/SimpleAuth.dst;
				GCC_PRECOMPILE_PREFIX_HEADER = YES;
				GCC_PREFIX_HEADER = "SimpleAuth/SimpleAuth-Prefix.pch";
				OTHER_LDFLAGS = "-ObjC";
				PRODUCT_NAME = "$(TARGET_NAME)";
				SKIP_INSTALL = YES;
			};
			name = Debug;
		};
		3BB32529182ABC8C00ACB555 /* Release */ = {
			isa = XCBuildConfiguration;
			baseConfigurationReference = 0FCEF85A832046CDB0CCBF25 /* Pods.xcconfig */;
			buildSettings = {
				DSTROOT = /tmp/SimpleAuth.dst;
				GCC_PRECOMPILE_PREFIX_HEADER = YES;
				GCC_PREFIX_HEADER = "SimpleAuth/SimpleAuth-Prefix.pch";
				OTHER_LDFLAGS = "-ObjC";
				PRODUCT_NAME = "$(TARGET_NAME)";
				SKIP_INSTALL = YES;
			};
			name = Release;
		};
/* End XCBuildConfiguration section */

/* Begin XCConfigurationList section */
		3B658455188892FE00D59100 /* Build configuration list for PBXNativeTarget "SimpleAuthDemo" */ = {
			isa = XCConfigurationList;
			buildConfigurations = (
				3B658451188892FE00D59100 /* Debug */,
				3B658452188892FE00D59100 /* Release */,
			);
			defaultConfigurationIsVisible = 0;
			defaultConfigurationName = Release;
		};
		3BB324FF182ABC8B00ACB555 /* Build configuration list for PBXProject "SimpleAuth" */ = {
			isa = XCConfigurationList;
			buildConfigurations = (
				3BB32525182ABC8C00ACB555 /* Debug */,
				3BB32526182ABC8C00ACB555 /* Release */,
			);
			defaultConfigurationIsVisible = 0;
			defaultConfigurationName = Release;
		};
		3BB32527182ABC8C00ACB555 /* Build configuration list for PBXNativeTarget "SimpleAuth" */ = {
			isa = XCConfigurationList;
			buildConfigurations = (
				3BB32528182ABC8C00ACB555 /* Debug */,
				3BB32529182ABC8C00ACB555 /* Release */,
			);
			defaultConfigurationIsVisible = 0;
			defaultConfigurationName = Release;
		};
/* End XCConfigurationList section */
	};
	rootObject = 3BB324FC182ABC8B00ACB555 /* Project object */;
}
